<?xml version="1.0" encoding="utf-8"?>
<Project ToolsVersion="4.0" xmlns="http://schemas.microsoft.com/developer/msbuild/2003">
  <ItemGroup>
    <Filter Include="Source Files">
      <UniqueIdentifier>{4FC737F1-C7A5-4376-A066-2A32D752A2FF}</UniqueIdentifier>
      <Extensions>cpp;c;cc;cxx;def;odl;idl;hpj;bat;asm;asmx</Extensions>
    </Filter>
    <Filter Include="Header Files">
      <UniqueIdentifier>{93995380-89BD-4b04-88EB-625FBE52EBFB}</UniqueIdentifier>
      <Extensions>h;hh;hpp;hxx;hm;inl;inc;xsd</Extensions>
    </Filter>
    <Filter Include="Resource Files">
      <UniqueIdentifier>{67DA6AB6-F800-4c08-8B7A-83BB121AAD01}</UniqueIdentifier>
      <Extensions>rc;ico;cur;bmp;dlg;rc2;rct;bin;rgs;gif;jpg;jpeg;jpe;resx;tiff;tif;png;wav;mfcribbon-ms</Extensions>
    </Filter>
  </ItemGroup>
  <ItemGroup>
    <None Include="OurSys.ino" />
  </ItemGroup>
  <ItemGroup>
    <ClInclude Include="__vm\.OurSys.vsarduino.h">
      <Filter>Header Files</Filter>
    </ClInclude>
    <ClInclude Include="AmbHum.h">
      <Filter>Header Files</Filter>
    </ClInclude>
    <ClInclude Include="AmbLig.h">
      <Filter>Header Files</Filter>
    </ClInclude>
    <ClInclude Include="AmbTmp.h">
      <Filter>Header Files</Filter>
    </ClInclude>
    <ClInclude Include="Config.h">
      <Filter>Header Files</Filter>
    </ClInclude>
    <ClInclude Include="Debug.h">
      <Filter>Header Files</Filter>
    </ClInclude>
    <ClInclude Include="FoodPump.h">
      <Filter>Header Files</Filter>
    </ClInclude>
    <ClInclude Include="GravityDo.h">
      <Filter>Header Files</Filter>
    </ClInclude>
    <ClInclude Include="GravityEc.h">
      <Filter>Header Files</Filter>
    </ClInclude>
    <ClInclude Include="GravityPh.h">
      <Filter>Header Files</Filter>
    </ClInclude>
    <ClInclude Include="GravityRtc.h">
      <Filter>Header Files</Filter>
    </ClInclude>
    <ClInclude Include="GravitySensorHub.h">
      <Filter>Header Files</Filter>
    </ClInclude>
    <ClInclude Include="GravityTemperature.h">
      <Filter>Header Files</Filter>
    </ClInclude>
    <ClInclude Include="ISensor.h">
      <Filter>Header Files</Filter>
    </ClInclude>
    <ClInclude Include="PHPump.h">
      <Filter>Header Files</Filter>
    </ClInclude>
    <ClInclude Include="SdService.h">
      <Filter>Header Files</Filter>
    </ClInclude>
    <ClInclude Include="TankLevel.h">
      <Filter>Header Files</Filter>
    </ClInclude>
    <ClInclude Include="UVindex.h">
      <Filter>Header Files</Filter>
    </ClInclude>
    <ClInclude Include="Oxypump.h">
      <Filter>Header Files</Filter>
    </ClInclude>
    <ClInclude Include="CleanWaterPump.h">
      <Filter>Header Files</Filter>
    </ClInclude>
    <ClInclude Include="FoodPHpumps.h">
      <Filter>Header Files</Filter>
    </ClInclude>
  </ItemGroup>
  <ItemGroup>
    <ClCompile Include="Algorithm.cpp">
      <Filter>Source Files</Filter>
    </ClCompile>
    <ClCompile Include="AmbHum.cpp">
      <Filter>Source Files</Filter>
    </ClCompile>
    <ClCompile Include="AmbLig.cpp">
      <Filter>Source Files</Filter>
    </ClCompile>
    <ClCompile Include="AmbTmp.cpp">
      <Filter>Source Files</Filter>
    </ClCompile>
    <ClCompile Include="FoodPump.cpp">
      <Filter>Source Files</Filter>
    </ClCompile>
    <ClCompile Include="GravityDo.cpp">
      <Filter>Source Files</Filter>
    </ClCompile>
    <ClCompile Include="GravityEc.cpp">
      <Filter>Source Files</Filter>
    </ClCompile>
    <ClCompile Include="GravityPh.cpp">
      <Filter>Source Files</Filter>
    </ClCompile>
    <ClCompile Include="GravityRtc.cpp">
      <Filter>Source Files</Filter>
    </ClCompile>
    <ClCompile Include="GravitySensorHub.cpp">
      <Filter>Source Files</Filter>
    </ClCompile>
    <ClCompile Include="GravityTemperature.cpp">
      <Filter>Source Files</Filter>
    </ClCompile>
    <ClCompile Include="PHPump.cpp">
      <Filter>Source Files</Filter>
    </ClCompile>
    <ClCompile Include="SdService.cpp">
      <Filter>Source Files</Filter>
    </ClCompile>
    <ClCompile Include="TankLevel.cpp">
      <Filter>Source Files</Filter>
    </ClCompile>
    <ClCompile Include="UVindex.cpp">
      <Filter>Source Files</Filter>
    </ClCompile>
    <ClCompile Include="Oxypump.cpp">
      <Filter>Source Files</Filter>
    </ClCompile>
    <ClCompile Include="CleanWaterPump.cpp">
      <Filter>Source Files</Filter>
    </ClCompile>
    <ClCompile Include="FoodPHpumps.cpp">
      <Filter>Source Files</Filter>
    </ClCompile>
  </ItemGroup>
</Project>